
Microsoft Visual Studio Solution File, Format Version 12.00
# Visual Studio Version 17
VisualStudioVersion = 17.0.32014.148
MinimumVisualStudioVersion = 10.0.40219.1
Project("{9A19103F-16F7-4668-BE54-9A1E7A4F7556}") = "Exercise_1", "Exercise_1\Exercise_1.csproj", "{42CCF908-A5D4-415B-AF75-DB2C3E2569AA}"
EndProject
Project("{FAE04EC0-301F-11D3-BF4B-00C04F79EFBC}") = "Exercise_2", "Exercise_2\Exercise_2.csproj", "{B8002AE2-2D16-4096-B51B-411A00BD4129}"
EndProject
Project("{FAE04EC0-301F-11D3-BF4B-00C04F79EFBC}") = "Exercise_3", "Exercise_3\Exercise_3.csproj", "{D997254F-A8DC-4872-8F6A-E6C761B4A9C4}"
EndProject
Global
	GlobalSection(SolutionConfigurationPlatforms) = preSolution
		Debug|Any CPU = Debug|Any CPU
		Release|Any CPU = Release|Any CPU
	EndGlobalSection
	GlobalSection(ProjectConfigurationPlatforms) = postSolution
		{42CCF908-A5D4-415B-AF75-DB2C3E2569AA}.Debug|Any CPU.ActiveCfg = Debug|Any CPU
		{42CCF908-A5D4-415B-AF75-DB2C3E2569AA}.Debug|Any CPU.Build.0 = Debug|Any CPU
		{42CCF908-A5D4-415B-AF75-DB2C3E2569AA}.Release|Any CPU.ActiveCfg = Release|Any CPU
		{42CCF908-A5D4-415B-AF75-DB2C3E2569AA}.Release|Any CPU.Build.0 = Release|Any CPU
		{B8002AE2-2D16-4096-B51B-411A00BD4129}.Debug|Any CPU.ActiveCfg = Debug|Any CPU
		{B8002AE2-2D16-4096-B51B-411A00BD4129}.Debug|Any CPU.Build.0 = Debug|Any CPU
		{B8002AE2-2D16-4096-B51B-411A00BD4129}.Release|Any CPU.ActiveCfg = Release|Any CPU
		{B8002AE2-2D16-4096-B51B-411A00BD4129}.Release|Any CPU.Build.0 = Release|Any CPU
		{D997254F-A8DC-4872-8F6A-E6C761B4A9C4}.Debug|Any CPU.ActiveCfg = Debug|Any CPU
		{D997254F-A8DC-4872-8F6A-E6C761B4A9C4}.Debug|Any CPU.Build.0 = Debug|Any CPU
		{D997254F-A8DC-4872-8F6A-E6C761B4A9C4}.Release|Any CPU.ActiveCfg = Release|Any CPU
		{D997254F-A8DC-4872-8F6A-E6C761B4A9C4}.Release|Any CPU.Build.0 = Release|Any CPU
	EndGlobalSection
	GlobalSection(SolutionProperties) = preSolution
		HideSolutionNode = FALSE
	EndGlobalSection
	GlobalSection(ExtensibilityGlobals) = postSolution
		SolutionGuid = {7114D7CA-9D94-4928-8BC8-9FC0DCCA2B3E}
	EndGlobalSection
EndGlobal
